
Microsoft Visual Studio Solution File, Format Version 12.00
# Visual Studio Version 16
VisualStudioVersion = 16.0.31424.327
MinimumVisualStudioVersion = 10.0.40219.1
Project("{FAE04EC0-301F-11D3-BF4B-00C04F79EFBC}") = "Exercicios1", "Exercicios1\Exercicios1.csproj", "{D4DC5561-8500-40C9-8B8B-48A89FC7B5BD}"
	ProjectSection(ProjectDependencies) = postProject
		{F294EF2F-963E-4E23-85DF-11419FC6478A} = {F294EF2F-963E-4E23-85DF-11419FC6478A}
	EndProjectSection
EndProject
Project("{FAE04EC0-301F-11D3-BF4B-00C04F79EFBC}") = "Data", "Data\Data.csproj", "{F294EF2F-963E-4E23-85DF-11419FC6478A}"
EndProject
Global
	GlobalSection(SolutionConfigurationPlatforms) = preSolution
		Debug|Any CPU = Debug|Any CPU
		Release|Any CPU = Release|Any CPU
	EndGlobalSection
	GlobalSection(ProjectConfigurationPlatforms) = postSolution
		{D4DC5561-8500-40C9-8B8B-48A89FC7B5BD}.Debug|Any CPU.ActiveCfg = Debug|Any CPU
		{D4DC5561-8500-40C9-8B8B-48A89FC7B5BD}.Debug|Any CPU.Build.0 = Debug|Any CPU
		{D4DC5561-8500-40C9-8B8B-48A89FC7B5BD}.Release|Any CPU.ActiveCfg = Release|Any CPU
		{D4DC5561-8500-40C9-8B8B-48A89FC7B5BD}.Release|Any CPU.Build.0 = Release|Any CPU
		{F294EF2F-963E-4E23-85DF-11419FC6478A}.Debug|Any CPU.ActiveCfg = Debug|Any CPU
		{F294EF2F-963E-4E23-85DF-11419FC6478A}.Debug|Any CPU.Build.0 = Debug|Any CPU
		{F294EF2F-963E-4E23-85DF-11419FC6478A}.Release|Any CPU.ActiveCfg = Release|Any CPU
		{F294EF2F-963E-4E23-85DF-11419FC6478A}.Release|Any CPU.Build.0 = Release|Any CPU
	EndGlobalSection
	GlobalSection(SolutionProperties) = preSolution
		HideSolutionNode = FALSE
	EndGlobalSection
	GlobalSection(ExtensibilityGlobals) = postSolution
		SolutionGuid = {C38AAB3A-E06C-46DB-8DAF-3D2BC435132A}
	EndGlobalSection
EndGlobal
